// !$*UTF8*$!
{
	archiveVersion = 1;
	classes = {
	};
	objectVersion = 50;
	objects = {

/* Begin PBXBuildFile section */
		0D01018724530EF00016F015 /* Meal.swift in Sources */ = {isa = PBXBuildFile; fileRef = 0D01018624530EF00016F015 /* Meal.swift */; };
		0D48DABC2441926600CF72AC /* AppDelegate.swift in Sources */ = {isa = PBXBuildFile; fileRef = 0D48DABB2441926600CF72AC /* AppDelegate.swift */; };
		0D48DABE2441926600CF72AC /* SceneDelegate.swift in Sources */ = {isa = PBXBuildFile; fileRef = 0D48DABD2441926600CF72AC /* SceneDelegate.swift */; };
		0D48DAC02441926600CF72AC /* ViewController.swift in Sources */ = {isa = PBXBuildFile; fileRef = 0D48DABF2441926600CF72AC /* ViewController.swift */; };
		0D48DAC32441926600CF72AC /* Main.storyboard in Resources */ = {isa = PBXBuildFile; fileRef = 0D48DAC12441926600CF72AC /* Main.storyboard */; };
		0D48DAC52441927900CF72AC /* Assets.xcassets in Resources */ = {isa = PBXBuildFile; fileRef = 0D48DAC42441927900CF72AC /* Assets.xcassets */; };
		0D48DAC82441927900CF72AC /* LaunchScreen.storyboard in Resources */ = {isa = PBXBuildFile; fileRef = 0D48DAC62441927900CF72AC /* LaunchScreen.storyboard */; };
		0D48DAD32441927A00CF72AC /* FoodTrackerTests.swift in Sources */ = {isa = PBXBuildFile; fileRef = 0D48DAD22441927A00CF72AC /* FoodTrackerTests.swift */; };
		0D48DADE2441927A00CF72AC /* FoodTrackerUITests.swift in Sources */ = {isa = PBXBuildFile; fileRef = 0D48DADD2441927A00CF72AC /* FoodTrackerUITests.swift */; };
		0D48DAEC244860AB00CF72AC /* RatingControl.swift in Sources */ = {isa = PBXBuildFile; fileRef = 0D48DAEB244860AB00CF72AC /* RatingControl.swift */; };
/* End PBXBuildFile section */

/* Begin PBXContainerItemProxy section */
		0D48DACF2441927A00CF72AC /* PBXContainerItemProxy */ = {
			isa = PBXContainerItemProxy;
			containerPortal = 0D48DAB02441926500CF72AC /* Project object */;
			proxyType = 1;
			remoteGlobalIDString = 0D48DAB72441926600CF72AC;
			remoteInfo = FoodTracker;
		};
		0D48DADA2441927A00CF72AC /* PBXContainerItemProxy */ = {
			isa = PBXContainerItemProxy;
			containerPortal = 0D48DAB02441926500CF72AC /* Project object */;
			proxyType = 1;
			remoteGlobalIDString = 0D48DAB72441926600CF72AC;
			remoteInfo = FoodTracker;
		};
/* End PBXContainerItemProxy section */

/* Begin PBXFileReference section */
		0D01018624530EF00016F015 /* Meal.swift */ = {isa = PBXFileReference; lastKnownFileType = sourcecode.swift; path = Meal.swift; sourceTree = "<group>"; };
		0D48DAB82441926600CF72AC /* FoodTracker.app */ = {isa = PBXFileReference; explicitFileType = wrapper.application; includeInIndex = 0; path = FoodTracker.app; sourceTree = BUILT_PRODUCTS_DIR; };
		0D48DABB2441926600CF72AC /* AppDelegate.swift */ = {isa = PBXFileReference; lastKnownFileType = sourcecode.swift; path = AppDelegate.swift; sourceTree = "<group>"; };
		0D48DABD2441926600CF72AC /* SceneDelegate.swift */ = {isa = PBXFileReference; lastKnownFileType = sourcecode.swift; path = SceneDelegate.swift; sourceTree = "<group>"; };
		0D48DABF2441926600CF72AC /* ViewController.swift */ = {isa = PBXFileReference; lastKnownFileType = sourcecode.swift; path = ViewController.swift; sourceTree = "<group>"; };
		0D48DAC22441926600CF72AC /* Base */ = {isa = PBXFileReference; lastKnownFileType = file.storyboard; name = Base; path = Base.lproj/Main.storyboard; sourceTree = "<group>"; };
		0D48DAC42441927900CF72AC /* Assets.xcassets */ = {isa = PBXFileReference; lastKnownFileType = folder.assetcatalog; path = Assets.xcassets; sourceTree = "<group>"; };
		0D48DAC72441927900CF72AC /* Base */ = {isa = PBXFileReference; lastKnownFileType = file.storyboard; name = Base; path = Base.lproj/LaunchScreen.storyboard; sourceTree = "<group>"; };
		0D48DAC92441927900CF72AC /* Info.plist */ = {isa = PBXFileReference; lastKnownFileType = text.plist.xml; path = Info.plist; sourceTree = "<group>"; };
		0D48DACE2441927A00CF72AC /* FoodTrackerTests.xctest */ = {isa = PBXFileReference; explicitFileType = wrapper.cfbundle; includeInIndex = 0; path = FoodTrackerTests.xctest; sourceTree = BUILT_PRODUCTS_DIR; };
		0D48DAD22441927A00CF72AC /* FoodTrackerTests.swift */ = {isa = PBXFileReference; lastKnownFileType = sourcecode.swift; path = FoodTrackerTests.swift; sourceTree = "<group>"; };
		0D48DAD42441927A00CF72AC /* Info.plist */ = {isa = PBXFileReference; lastKnownFileType = text.plist.xml; path = Info.plist; sourceTree = "<group>"; };
		0D48DAD92441927A00CF72AC /* FoodTrackerUITests.xctest */ = {isa = PBXFileReference; explicitFileType = wrapper.cfbundle; includeInIndex = 0; path = FoodTrackerUITests.xctest; sourceTree = BUILT_PRODUCTS_DIR; };
		0D48DADD2441927A00CF72AC /* FoodTrackerUITests.swift */ = {isa = PBXFileReference; lastKnownFileType = sourcecode.swift; path = FoodTrackerUITests.swift; sourceTree = "<group>"; };
		0D48DADF2441927A00CF72AC /* Info.plist */ = {isa = PBXFileReference; lastKnownFileType = text.plist.xml; path = Info.plist; sourceTree = "<group>"; };
		0D48DAEB244860AB00CF72AC /* RatingControl.swift */ = {isa = PBXFileReference; lastKnownFileType = sourcecode.swift; path = RatingControl.swift; sourceTree = "<group>"; };
/* End PBXFileReference section */

/* Begin PBXFrameworksBuildPhase section */
		0D48DAB52441926600CF72AC /* Frameworks */ = {
			isa = PBXFrameworksBuildPhase;
			buildActionMask = 2147483647;
			files = (
			);
			runOnlyForDeploymentPostprocessing = 0;
		};
		0D48DACB2441927A00CF72AC /* Frameworks */ = {
			isa = PBXFrameworksBuildPhase;
			buildActionMask = 2147483647;
			files = (
			);
			runOnlyForDeploymentPostprocessing = 0;
		};
		0D48DAD62441927A00CF72AC /* Frameworks */ = {
			isa = PBXFrameworksBuildPhase;
			buildActionMask = 2147483647;
			files = (
			);
			runOnlyForDeploymentPostprocessing = 0;
		};
/* End PBXFrameworksBuildPhase section */

/* Begin PBXGroup section */
		0D48DAAF2441926500CF72AC = {
			isa = PBXGroup;
			children = (
				0D48DABA2441926600CF72AC /* FoodTracker */,
				0D48DAD12441927A00CF72AC /* FoodTrackerTests */,
				0D48DADC2441927A00CF72AC /* FoodTrackerUITests */,
				0D48DAB92441926600CF72AC /* Products */,
			);
			sourceTree = "<group>";
		};
		0D48DAB92441926600CF72AC /* Products */ = {
			isa = PBXGroup;
			children = (
				0D48DAB82441926600CF72AC /* FoodTracker.app */,
				0D48DACE2441927A00CF72AC /* FoodTrackerTests.xctest */,
				0D48DAD92441927A00CF72AC /* FoodTrackerUITests.xctest */,
			);
			name = Products;
			sourceTree = "<group>";
		};
		0D48DABA2441926600CF72AC /* FoodTracker */ = {
			isa = PBXGroup;
			children = (
				0D48DABB2441926600CF72AC /* AppDelegate.swift */,
				0D48DABD2441926600CF72AC /* SceneDelegate.swift */,
				0D48DABF2441926600CF72AC /* ViewController.swift */,
				0D48DAC12441926600CF72AC /* Main.storyboard */,
				0D48DAEB244860AB00CF72AC /* RatingControl.swift */,
				0D01018624530EF00016F015 /* Meal.swift */,
				0D48DAC42441927900CF72AC /* Assets.xcassets */,
				0D48DAC62441927900CF72AC /* LaunchScreen.storyboard */,
				0D48DAC92441927900CF72AC /* Info.plist */,
			);
			path = FoodTracker;
			sourceTree = "<group>";
		};
		0D48DAD12441927A00CF72AC /* FoodTrackerTests */ = {
			isa = PBXGroup;
			children = (
				0D48DAD22441927A00CF72AC /* FoodTrackerTests.swift */,
				0D48DAD42441927A00CF72AC /* Info.plist */,
			);
			path = FoodTrackerTests;
			sourceTree = "<group>";
		};
		0D48DADC2441927A00CF72AC /* FoodTrackerUITests */ = {
			isa = PBXGroup;
			children = (
				0D48DADD2441927A00CF72AC /* FoodTrackerUITests.swift */,
				0D48DADF2441927A00CF72AC /* Info.plist */,
			);
			path = FoodTrackerUITests;
			sourceTree = "<group>";
		};
/* End PBXGroup section */

/* Begin PBXNativeTarget section */
		0D48DAB72441926600CF72AC /* FoodTracker */ = {
			isa = PBXNativeTarget;
			buildConfigurationList = 0D48DAE22441927A00CF72AC /* Build configuration list for PBXNativeTarget "FoodTracker" */;
			buildPhases = (
				0D48DAB42441926600CF72AC /* Sources */,
				0D48DAB52441926600CF72AC /* Frameworks */,
				0D48DAB62441926600CF72AC /* Resources */,
			);
			buildRules = (
			);
			dependencies = (
			);
			name = FoodTracker;
			productName = FoodTracker;
			productReference = 0D48DAB82441926600CF72AC /* FoodTracker.app */;
			productType = "com.apple.product-type.application";
		};
		0D48DACD2441927A00CF72AC /* FoodTrackerTests */ = {
			isa = PBXNativeTarget;
			buildConfigurationList = 0D48DAE52441927A00CF72AC /* Build configuration list for PBXNativeTarget "FoodTrackerTests" */;
			buildPhases = (
				0D48DACA2441927A00CF72AC /* Sources */,
				0D48DACB2441927A00CF72AC /* Frameworks */,
				0D48DACC2441927A00CF72AC /* Resources */,
			);
			buildRules = (
			);
			dependencies = (
				0D48DAD02441927A00CF72AC /* PBXTargetDependency */,
			);
			name = FoodTrackerTests;
			productName = FoodTrackerTests;
			productReference = 0D48DACE2441927A00CF72AC /* FoodTrackerTests.xctest */;
			productType = "com.apple.product-type.bundle.unit-test";
		};
		0D48DAD82441927A00CF72AC /* FoodTrackerUITests */ = {
			isa = PBXNativeTarget;
			buildConfigurationList = 0D48DAE82441927A00CF72AC /* Build configuration list for PBXNativeTarget "FoodTrackerUITests" */;
			buildPhases = (
				0D48DAD52441927A00CF72AC /* Sources */,
				0D48DAD62441927A00CF72AC /* Frameworks */,
				0D48DAD72441927A00CF72AC /* Resources */,
			);
			buildRules = (
			);
			dependencies = (
				0D48DADB2441927A00CF72AC /* PBXTargetDependency */,
			);
			name = FoodTrackerUITests;
			productName = FoodTrackerUITests;
			productReference = 0D48DAD92441927A00CF72AC /* FoodTrackerUITests.xctest */;
			productType = "com.apple.product-type.bundle.ui-testing";
		};
/* End PBXNativeTarget section */

/* Begin PBXProject section */
		0D48DAB02441926500CF72AC /* Project object */ = {
			isa = PBXProject;
			attributes = {
				LastSwiftUpdateCheck = 1130;
				LastUpgradeCheck = 1130;
				ORGANIZATIONNAME = n;
				TargetAttributes = {
					0D48DAB72441926600CF72AC = {
						CreatedOnToolsVersion = 11.3.1;
					};
					0D48DACD2441927A00CF72AC = {
						CreatedOnToolsVersion = 11.3.1;
						TestTargetID = 0D48DAB72441926600CF72AC;
					};
					0D48DAD82441927A00CF72AC = {
						CreatedOnToolsVersion = 11.3.1;
						TestTargetID = 0D48DAB72441926600CF72AC;
					};
				};
			};
			buildConfigurationList = 0D48DAB32441926500CF72AC /* Build configuration list for PBXProject "FoodTracker" */;
			compatibilityVersion = "Xcode 9.3";
			developmentRegion = en;
			hasScannedForEncodings = 0;
			knownRegions = (
				en,
				Base,
			);
			mainGroup = 0D48DAAF2441926500CF72AC;
			productRefGroup = 0D48DAB92441926600CF72AC /* Products */;
			projectDirPath = "";
			projectRoot = "";
			targets = (
				0D48DAB72441926600CF72AC /* FoodTracker */,
				0D48DACD2441927A00CF72AC /* FoodTrackerTests */,
				0D48DAD82441927A00CF72AC /* FoodTrackerUITests */,
			);
		};
/* End PBXProject section */

/* Begin PBXResourcesBuildPhase section */
		0D48DAB62441926600CF72AC /* Resources */ = {
			isa = PBXResourcesBuildPhase;
			buildActionMask = 2147483647;
			files = (
				0D48DAC82441927900CF72AC /* LaunchScreen.storyboard in Resources */,
				0D48DAC52441927900CF72AC /* Assets.xcassets in Resources */,
				0D48DAC32441926600CF72AC /* Main.storyboard in Resources */,
			);
			runOnlyForDeploymentPostprocessing = 0;
		};
		0D48DACC2441927A00CF72AC /* Resources */ = {
			isa = PBXResourcesBuildPhase;
			buildActionMask = 2147483647;
			files = (
			);
			runOnlyForDeploymentPostprocessing = 0;
		};
		0D48DAD72441927A00CF72AC /* Resources */ = {
			isa = PBXResourcesBuildPhase;
			buildActionMask = 2147483647;
			files = (
			);
			runOnlyForDeploymentPostprocessing = 0;
		};
/* End PBXResourcesBuildPhase section */

/* Begin PBXSourcesBuildPhase section */
		0D48DAB42441926600CF72AC /* Sources */ = {
			isa = PBXSourcesBuildPhase;
			buildActionMask = 2147483647;
			files = (
				0D01018724530EF00016F015 /* Meal.swift in Sources */,
				0D48DAEC244860AB00CF72AC /* RatingControl.swift in Sources */,
				0D48DAC02441926600CF72AC /* ViewController.swift in Sources */,
				0D48DABC2441926600CF72AC /* AppDelegate.swift in Sources */,
				0D48DABE2441926600CF72AC /* SceneDelegate.swift in Sources */,
			);
			runOnlyForDeploymentPostprocessing = 0;
		};
		0D48DACA2441927A00CF72AC /* Sources */ = {
			isa = PBXSourcesBuildPhase;
			buildActionMask = 2147483647;
			files = (
				0D48DAD32441927A00CF72AC /* FoodTrackerTests.swift in Sources */,
			);
			runOnlyForDeploymentPostprocessing = 0;
		};
		0D48DAD52441927A00CF72AC /* Sources */ = {
			isa = PBXSourcesBuildPhase;
			buildActionMask = 2147483647;
			files = (
				0D48DADE2441927A00CF72AC /* FoodTrackerUITests.swift in Sources */,
			);
			runOnlyForDeploymentPostprocessing = 0;
		};
/* End PBXSourcesBuildPhase section */

/* Begin PBXTargetDependency section */
		0D48DAD02441927A00CF72AC /* PBXTargetDependency */ = {
			isa = PBXTargetDependency;
			target = 0D48DAB72441926600CF72AC /* FoodTracker */;
			targetProxy = 0D48DACF2441927A00CF72AC /* PBXContainerItemProxy */;
		};
		0D48DADB2441927A00CF72AC /* PBXTargetDependency */ = {
			isa = PBXTargetDependency;
			target = 0D48DAB72441926600CF72AC /* FoodTracker */;
			targetProxy = 0D48DADA2441927A00CF72AC /* PBXContainerItemProxy */;
		};
/* End PBXTargetDependency section */

/* Begin PBXVariantGroup section */
		0D48DAC12441926600CF72AC /* Main.storyboard */ = {
			isa = PBXVariantGroup;
			children = (
				0D48DAC22441926600CF72AC /* Base */,
			);
			name = Main.storyboard;
			sourceTree = "<group>";
		};
		0D48DAC62441927900CF72AC /* LaunchScreen.storyboard */ = {
			isa = PBXVariantGroup;
			children = (
				0D48DAC72441927900CF72AC /* Base */,
			);
			name = LaunchScreen.storyboard;
			sourceTree = "<group>";
		};
/* End PBXVariantGroup section */

/* Begin XCBuildConfiguration section */
		0D48DAE02441927A00CF72AC /* Debug */ = {
			isa = XCBuildConfiguration;
			buildSettings = {
				ALWAYS_SEARCH_USER_PATHS = NO;
				CLANG_ANALYZER_NONNULL = YES;
				CLANG_ANALYZER_NUMBER_OBJECT_CONVERSION = YES_AGGRESSIVE;
				CLANG_CXX_LANGUAGE_STANDARD = "gnu++14";
				CLANG_CXX_LIBRARY = "libc++";
				CLANG_ENABLE_MODULES = YES;
				CLANG_ENABLE_OBJC_ARC = YES;
				CLANG_ENABLE_OBJC_WEAK = YES;
				CLANG_WARN_BLOCK_CAPTURE_AUTORELEASING = YES;
				CLANG_WARN_BOOL_CONVERSION = YES;
				CLANG_WARN_COMMA = YES;
				CLANG_WARN_CONSTANT_CONVERSION = YES;
				CLANG_WARN_DEPRECATED_OBJC_IMPLEMENTATIONS = YES;
				CLANG_WARN_DIRECT_OBJC_ISA_USAGE = YES_ERROR;
				CLANG_WARN_DOCUMENTATION_COMMENTS = YES;
				CLANG_WARN_EMPTY_BODY = YES;
				CLANG_WARN_ENUM_CONVERSION = YES;
				CLANG_WARN_INFINITE_RECURSION = YES;
				CLANG_WARN_INT_CONVERSION = YES;
				CLANG_WARN_NON_LITERAL_NULL_CONVERSION = YES;
				CLANG_WARN_OBJC_IMPLICIT_RETAIN_SELF = YES;
				CLANG_WARN_OBJC_LITERAL_CONVERSION = YES;
				CLANG_WARN_OBJC_ROOT_CLASS = YES_ERROR;
				CLANG_WARN_RANGE_LOOP_ANALYSIS = YES;
				CLANG_WARN_STRICT_PROTOTYPES = YES;
				CLANG_WARN_SUSPICIOUS_MOVE = YES;
				CLANG_WARN_UNGUARDED_AVAILABILITY = YES_AGGRESSIVE;
				CLANG_WARN_UNREACHABLE_CODE = YES;
				CLANG_WARN__DUPLICATE_METHOD_MATCH = YES;
				COPY_PHASE_STRIP = NO;
				DEBUG_INFORMATION_FORMAT = dwarf;
				ENABLE_STRICT_OBJC_MSGSEND = YES;
				ENABLE_TESTABILITY = YES;
				GCC_C_LANGUAGE_STANDARD = gnu11;
				GCC_DYNAMIC_NO_PIC = NO;
				GCC_NO_COMMON_BLOCKS = YES;
				GCC_OPTIMIZATION_LEVEL = 0;
				GCC_PREPROCESSOR_DEFINITIONS = (
					"DEBUG=1",
					"$(inherited)",
				);
				GCC_WARN_64_TO_32_BIT_CONVERSION = YES;
				GCC_WARN_ABOUT_RETURN_TYPE = YES_ERROR;
				GCC_WARN_UNDECLARED_SELECTOR = YES;
				GCC_WARN_UNINITIALIZED_AUTOS = YES_AGGRESSIVE;
				GCC_WARN_UNUSED_FUNCTION = YES;
				GCC_WARN_UNUSED_VARIABLE = YES;
				IPHONEOS_DEPLOYMENT_TARGET = 13.2;
				MTL_ENABLE_DEBUG_INFO = INCLUDE_SOURCE;
				MTL_FAST_MATH = YES;
				ONLY_ACTIVE_ARCH = YES;
				SDKROOT = iphoneos;
				SWIFT_ACTIVE_COMPILATION_CONDITIONS = DEBUG;
				SWIFT_OPTIMIZATION_LEVEL = "-Onone";
			};
			name = Debug;
		};
		0D48DAE12441927A00CF72AC /* Release */ = {
			isa = XCBuildConfiguration;
			buildSettings = {
				ALWAYS_SEARCH_USER_PATHS = NO;
				CLANG_ANALYZER_NONNULL = YES;
				CLANG_ANALYZER_NUMBER_OBJECT_CONVERSION = YES_AGGRESSIVE;
				CLANG_CXX_LANGUAGE_STANDARD = "gnu++14";
				CLANG_CXX_LIBRARY = "libc++";
				CLANG_ENABLE_MODULES = YES;
				CLANG_ENABLE_OBJC_ARC = YES;
				CLANG_ENABLE_OBJC_WEAK = YES;
				CLANG_WARN_BLOCK_CAPTURE_AUTORELEASING = YES;
				CLANG_WARN_BOOL_CONVERSION = YES;
				CLANG_WARN_COMMA = YES;
				CLANG_WARN_CONSTANT_CONVERSION = YES;
				CLANG_WARN_DEPRECATED_OBJC_IMPLEMENTATIONS = YES;
				CLANG_WARN_DIRECT_OBJC_ISA_USAGE = YES_ERROR;
				CLANG_WARN_DOCUMENTATION_COMMENTS = YES;
				CLANG_WARN_EMPTY_BODY = YES;
				CLANG_WARN_ENUM_CONVERSION = YES;
				CLANG_WARN_INFINITE_RECURSION = YES;
				CLANG_WARN_INT_CONVERSION = YES;
				CLANG_WARN_NON_LITERAL_NULL_CONVERSION = YES;
				CLANG_WARN_OBJC_IMPLICIT_RETAIN_SELF = YES;
				CLANG_WARN_OBJC_LITERAL_CONVERSION = YES;
				CLANG_WARN_OBJC_ROOT_CLASS = YES_ERROR;
				CLANG_WARN_RANGE_LOOP_ANALYSIS = YES;
				CLANG_WARN_STRICT_PROTOTYPES = YES;
				CLANG_WARN_SUSPICIOUS_MOVE = YES;
				CLANG_WARN_UNGUARDED_AVAILABILITY = YES_AGGRESSIVE;
				CLANG_WARN_UNREACHABLE_CODE = YES;
				CLANG_WARN__DUPLICATE_METHOD_MATCH = YES;
				COPY_PHASE_STRIP = NO;
				DEBUG_INFORMATION_FORMAT = "dwarf-with-dsym";
				ENABLE_NS_ASSERTIONS = NO;
				ENABLE_STRICT_OBJC_MSGSEND = YES;
				GCC_C_LANGUAGE_STANDARD = gnu11;
				GCC_NO_COMMON_BLOCKS = YES;
				GCC_WARN_64_TO_32_BIT_CONVERSION = YES;
				GCC_WARN_ABOUT_RETURN_TYPE = YES_ERROR;
				GCC_WARN_UNDECLARED_SELECTOR = YES;
				GCC_WARN_UNINITIALIZED_AUTOS = YES_AGGRESSIVE;
				GCC_WARN_UNUSED_FUNCTION = YES;
				GCC_WARN_UNUSED_VARIABLE = YES;
				IPHONEOS_DEPLOYMENT_TARGET = 13.2;
				MTL_ENABLE_DEBUG_INFO = NO;
				MTL_FAST_MATH = YES;
				SDKROOT = iphoneos;
				SWIFT_COMPILATION_MODE = wholemodule;
				SWIFT_OPTIMIZATION_LEVEL = "-O";
				VALIDATE_PRODUCT = YES;
			};
			name = Release;
		};
		0D48DAE32441927A00CF72AC /* Debug */ = {
			isa = XCBuildConfiguration;
			buildSettings = {
				ASSETCATALOG_COMPILER_APPICON_NAME = AppIcon;
				CODE_SIGN_STYLE = Automatic;
				INFOPLIST_FILE = FoodTracker/Info.plist;
				LD_RUNPATH_SEARCH_PATHS = (
					"$(inherited)",
					"@executable_path/Frameworks",
				);
				PRODUCT_BUNDLE_IDENTIFIER = com.n.FoodTracker;
				PRODUCT_NAME = "$(TARGET_NAME)";
				SWIFT_VERSION = 5.0;
				TARGETED_DEVICE_FAMILY = "1,2";
			};
			name = Debug;
		};
		0D48DAE42441927A00CF72AC /* Release */ = {
			isa = XCBuildConfiguration;
			buildSettings = {
				ASSETCATALOG_COMPILER_APPICON_NAME = AppIcon;
				CODE_SIGN_STYLE = Automatic;
				INFOPLIST_FILE = FoodTracker/Info.plist;
				LD_RUNPATH_SEARCH_PATHS = (
					"$(inherited)",
					"@executable_path/Frameworks",
				);
				PRODUCT_BUNDLE_IDENTIFIER = com.n.FoodTracker;
				PRODUCT_NAME = "$(TARGET_NAME)";
				SWIFT_VERSION = 5.0;
				TARGETED_DEVICE_FAMILY = "1,2";
			};
			name = Release;
		};
		0D48DAE62441927A00CF72AC /* Debug */ = {
			isa = XCBuildConfiguration;
			buildSettings = {
				ALWAYS_EMBED_SWIFT_STANDARD_LIBRARIES = YES;
				BUNDLE_LOADER = "$(TEST_HOST)";
				CODE_SIGN_STYLE = Automatic;
				INFOPLIST_FILE = FoodTrackerTests/Info.plist;
				IPHONEOS_DEPLOYMENT_TARGET = 13.2;
				LD_RUNPATH_SEARCH_PATHS = (
					"$(inherited)",
					"@executable_path/Frameworks",
					"@loader_path/Frameworks",
				);
				PRODUCT_BUNDLE_IDENTIFIER = com.n.FoodTrackerTests;
				PRODUCT_NAME = "$(TARGET_NAME)";
				SWIFT_VERSION = 5.0;
				TARGETED_DEVICE_FAMILY = "1,2";
				TEST_HOST = "$(BUILT_PRODUCTS_DIR)/FoodTracker.app/FoodTracker";
			};
			name = Debug;
		};
		0D48DAE72441927A00CF72AC /* Release */ = {
			isa = XCBuildConfiguration;
			buildSettings = {
				ALWAYS_EMBED_SWIFT_STANDARD_LIBRARIES = YES;
				BUNDLE_LOADER = "$(TEST_HOST)";
				CODE_SIGN_STYLE = Automatic;
				INFOPLIST_FILE = FoodTrackerTests/Info.plist;
				IPHONEOS_DEPLOYMENT_TARGET = 13.2;
				LD_RUNPATH_SEARCH_PATHS = (
					"$(inherited)",
					"@executable_path/Frameworks",
					"@loader_path/Frameworks",
				);
				PRODUCT_BUNDLE_IDENTIFIER = com.n.FoodTrackerTests;
				PRODUCT_NAME = "$(TARGET_NAME)";
				SWIFT_VERSION = 5.0;
				TARGETED_DEVICE_FAMILY = "1,2";
				TEST_HOST = "$(BUILT_PRODUCTS_DIR)/FoodTracker.app/FoodTracker";
			};
			name = Release;
		};
		0D48DAE92441927A00CF72AC /* Debug */ = {
			isa = XCBuildConfiguration;
			buildSettings = {
				ALWAYS_EMBED_SWIFT_STANDARD_LIBRARIES = YES;
				CODE_SIGN_STYLE = Automatic;
				INFOPLIST_FILE = FoodTrackerUITests/Info.plist;
				LD_RUNPATH_SEARCH_PATHS = (
					"$(inherited)",
					"@executable_path/Frameworks",
					"@loader_path/Frameworks",
				);
				PRODUCT_BUNDLE_IDENTIFIER = com.n.FoodTrackerUITests;
				PRODUCT_NAME = "$(TARGET_NAME)";
				SWIFT_VERSION = 5.0;
				TARGETED_DEVICE_FAMILY = "1,2";
				TEST_TARGET_NAME = FoodTracker;
			};
			name = Debug;
		};
		0D48DAEA2441927A00CF72AC /* Release */ = {
			isa = XCBuildConfiguration;
			buildSettings = {
				ALWAYS_EMBED_SWIFT_STANDARD_LIBRARIES = YES;
				CODE_SIGN_STYLE = Automatic;
				INFOPLIST_FILE = FoodTrackerUITests/Info.plist;
				LD_RUNPATH_SEARCH_PATHS = (
					"$(inherited)",
					"@executable_path/Frameworks",
					"@loader_path/Frameworks",
				);
				PRODUCT_BUNDLE_IDENTIFIER = com.n.FoodTrackerUITests;
				PRODUCT_NAME = "$(TARGET_NAME)";
				SWIFT_VERSION = 5.0;
				TARGETED_DEVICE_FAMILY = "1,2";
				TEST_TARGET_NAME = FoodTracker;
			};
			name = Release;
		};
/* End XCBuildConfiguration section */

/* Begin XCConfigurationList section */
		0D48DAB32441926500CF72AC /* Build configuration list for PBXProject "FoodTracker" */ = {
			isa = XCConfigurationList;
			buildConfigurations = (
				0D48DAE02441927A00CF72AC /* Debug */,
				0D48DAE12441927A00CF72AC /* Release */,
			);
			defaultConfigurationIsVisible = 0;
			defaultConfigurationName = Release;
		};
		0D48DAE22441927A00CF72AC /* Build configuration list for PBXNativeTarget "FoodTracker" */ = {
			isa = XCConfigurationList;
			buildConfigurations = (
				0D48DAE32441927A00CF72AC /* Debug */,
				0D48DAE42441927A00CF72AC /* Release */,
			);
			defaultConfigurationIsVisible = 0;
			defaultConfigurationName = Release;
		};
		0D48DAE52441927A00CF72AC /* Build configuration list for PBXNativeTarget "FoodTrackerTests" */ = {
			isa = XCConfigurationList;
			buildConfigurations = (
				0D48DAE62441927A00CF72AC /* Debug */,
				0D48DAE72441927A00CF72AC /* Release */,
			);
			defaultConfigurationIsVisible = 0;
			defaultConfigurationName = Release;
		};
		0D48DAE82441927A00CF72AC /* Build configuration list for PBXNativeTarget "FoodTrackerUITests" */ = {
			isa = XCConfigurationList;
			buildConfigurations = (
				0D48DAE92441927A00CF72AC /* Debug */,
				0D48DAEA2441927A00CF72AC /* Release */,
			);
			defaultConfigurationIsVisible = 0;
			defaultConfigurationName = Release;
		};
/* End XCConfigurationList section */
	};
	rootObject = 0D48DAB02441926500CF72AC /* Project object */;
}
